// !$*UTF8*$!
{
	archiveVersion = 1;
	classes = {
	};
	objectVersion = 46;
	objects = {

/* Begin PBXBuildFile section */
		4C01866F15923A5A008C0642 /* key.ico in Resources */ = {isa = PBXBuildFile; fileRef = 4C01866E15923A5A008C0642 /* key.ico */; };
		4C01867215923F95008C0642 /* AddKeyTest.m in Sources */ = {isa = PBXBuildFile; fileRef = 4C01867115923F95008C0642 /* AddKeyTest.m */; };
		4C0186731592408E008C0642 /* PHCAppDelegate.m in Sources */ = {isa = PBXBuildFile; fileRef = 4CE27B211592264A005E86AD /* PHCAppDelegate.m */; };
		4C01867B1592440A008C0642 /* PHCErrors.m in Sources */ = {isa = PBXBuildFile; fileRef = 4CE27B621592285F005E86AD /* PHCErrors.m */; };
		4C01867C159245C3008C0642 /* main.m in Sources */ = {isa = PBXBuildFile; fileRef = 4CE27B51159226DF005E86AD /* main.m */; };
		4C01867D159245EB008C0642 /* Security.framework in Frameworks */ = {isa = PBXBuildFile; fileRef = 4CE27B6A1592288B005E86AD /* Security.framework */; };
		4C1D09C0159251440063AB2A /* OVKeyManagerHelperAPI.m in Sources */ = {isa = PBXBuildFile; fileRef = 4C1D09BF159251440063AB2A /* OVKeyManagerHelperAPI.m */; };
		4C1D09C1159251440063AB2A /* OVKeyManagerHelperAPI.m in Sources */ = {isa = PBXBuildFile; fileRef = 4C1D09BF159251440063AB2A /* OVKeyManagerHelperAPI.m */; };
		4C1D09CD1592562E0063AB2A /* OVLicenseInfo.m in Sources */ = {isa = PBXBuildFile; fileRef = 4C1D09CC1592562E0063AB2A /* OVLicenseInfo.m */; };
		4CE27B0F1592264A005E86AD /* Cocoa.framework in Frameworks */ = {isa = PBXBuildFile; fileRef = 4CE27B0E1592264A005E86AD /* Cocoa.framework */; };
		4CE27B191592264A005E86AD /* InfoPlist.strings in Resources */ = {isa = PBXBuildFile; fileRef = 4CE27B171592264A005E86AD /* InfoPlist.strings */; };
		4CE27B1B1592264A005E86AD /* main.m in Sources */ = {isa = PBXBuildFile; fileRef = 4CE27B1A1592264A005E86AD /* main.m */; };
		4CE27B1F1592264A005E86AD /* Credits.rtf in Resources */ = {isa = PBXBuildFile; fileRef = 4CE27B1D1592264A005E86AD /* Credits.rtf */; };
		4CE27B221592264A005E86AD /* PHCAppDelegate.m in Sources */ = {isa = PBXBuildFile; fileRef = 4CE27B211592264A005E86AD /* PHCAppDelegate.m */; };
		4CE27B251592264A005E86AD /* MainMenu.xib in Resources */ = {isa = PBXBuildFile; fileRef = 4CE27B231592264A005E86AD /* MainMenu.xib */; };
		4CE27B2D1592264A005E86AD /* SenTestingKit.framework in Frameworks */ = {isa = PBXBuildFile; fileRef = 4CE27B2C1592264A005E86AD /* SenTestingKit.framework */; };
		4CE27B2E1592264A005E86AD /* Cocoa.framework in Frameworks */ = {isa = PBXBuildFile; fileRef = 4CE27B0E1592264A005E86AD /* Cocoa.framework */; };
		4CE27B361592264A005E86AD /* InfoPlist.strings in Resources */ = {isa = PBXBuildFile; fileRef = 4CE27B341592264A005E86AD /* InfoPlist.strings */; };
		4CE27B391592264A005E86AD /* OVKeyManagerTestBase.m in Sources */ = {isa = PBXBuildFile; fileRef = 4CE27B381592264A005E86AD /* OVKeyManagerTestBase.m */; };
		4CE27B4F159226DF005E86AD /* Foundation.framework in Frameworks */ = {isa = PBXBuildFile; fileRef = 4CE27B4E159226DF005E86AD /* Foundation.framework */; };
		4CE27B56159226DF005E86AD /* OVKeyManagerHelper.1 in CopyFiles */ = {isa = PBXBuildFile; fileRef = 4CE27B55159226DF005E86AD /* OVKeyManagerHelper.1 */; };
		4CE27B5E159227FB005E86AD /* com.physionconsulting.OVKeyManagerHelper in CopyFiles */ = {isa = PBXBuildFile; fileRef = 4CE27B4C159226DF005E86AD /* com.physionconsulting.OVKeyManagerHelper */; };
		4CE27B661592285F005E86AD /* PHCErrors.m in Sources */ = {isa = PBXBuildFile; fileRef = 4CE27B621592285F005E86AD /* PHCErrors.m */; };
		4CE27B671592285F005E86AD /* PHCXPCSharedKeyRepository.m in Sources */ = {isa = PBXBuildFile; fileRef = 4CE27B651592285F005E86AD /* PHCXPCSharedKeyRepository.m */; };
		4CE27B6B1592288B005E86AD /* Security.framework in Frameworks */ = {isa = PBXBuildFile; fileRef = 4CE27B6A1592288B005E86AD /* Security.framework */; };
		4CE27B6D15922891005E86AD /* ServiceManagement.framework in Frameworks */ = {isa = PBXBuildFile; fileRef = 4CE27B6C15922891005E86AD /* ServiceManagement.framework */; };
/* End PBXBuildFile section */

/* Begin PBXContainerItemProxy section */
		4CE27B2F1592264A005E86AD /* PBXContainerItemProxy */ = {
			isa = PBXContainerItemProxy;
			containerPortal = 4CE27B011592264A005E86AD /* Project object */;
			proxyType = 1;
			remoteGlobalIDString = 4CE27B091592264A005E86AD;
			remoteInfo = OVKeyManager;
		};
		4CE27B5F15922801005E86AD /* PBXContainerItemProxy */ = {
			isa = PBXContainerItemProxy;
			containerPortal = 4CE27B011592264A005E86AD /* Project object */;
			proxyType = 1;
			remoteGlobalIDString = 4CE27B4B159226DF005E86AD;
			remoteInfo = com.physionconsulting.OVKeyManagerHelper;
		};
/* End PBXContainerItemProxy section */

/* Begin PBXCopyFilesBuildPhase section */
		4CE27B4A159226DF005E86AD /* CopyFiles */ = {
			isa = PBXCopyFilesBuildPhase;
			buildActionMask = 2147483647;
			dstPath = /usr/share/man/man1/;
			dstSubfolderSpec = 0;
			files = (
				4CE27B56159226DF005E86AD /* OVKeyManagerHelper.1 in CopyFiles */,
			);
			runOnlyForDeploymentPostprocessing = 1;
		};
		4CE27B5D159227F1005E86AD /* CopyFiles */ = {
			isa = PBXCopyFilesBuildPhase;
			buildActionMask = 2147483647;
			dstPath = Contents/Library/LaunchServices;
			dstSubfolderSpec = 1;
			files = (
				4CE27B5E159227FB005E86AD /* com.physionconsulting.OVKeyManagerHelper in CopyFiles */,
			);
			runOnlyForDeploymentPostprocessing = 0;
		};
/* End PBXCopyFilesBuildPhase section */

/* Begin PBXFileReference section */
		4C01865A15922BA2008C0642 /* OVKeyManagerHelper-Info.plist */ = {isa = PBXFileReference; fileEncoding = 4; lastKnownFileType = text.plist.xml; path = "OVKeyManagerHelper-Info.plist"; sourceTree = "<group>"; };
		4C01865B15922BA2008C0642 /* OVKeyManagerHelper-Launchd.plist */ = {isa = PBXFileReference; fileEncoding = 4; lastKnownFileType = text.plist.xml; path = "OVKeyManagerHelper-Launchd.plist"; sourceTree = "<group>"; };
		4C01866E15923A5A008C0642 /* key.ico */ = {isa = PBXFileReference; lastKnownFileType = image.ico; name = key.ico; path = ../key.ico; sourceTree = "<group>"; };
		4C01867015923F95008C0642 /* AddKeyTest.h */ = {isa = PBXFileReference; fileEncoding = 4; lastKnownFileType = sourcecode.c.h; path = AddKeyTest.h; sourceTree = "<group>"; };
		4C01867115923F95008C0642 /* AddKeyTest.m */ = {isa = PBXFileReference; fileEncoding = 4; lastKnownFileType = sourcecode.c.objc; path = AddKeyTest.m; sourceTree = "<group>"; };
		4C1D09BE159251440063AB2A /* OVKeyManagerHelperAPI.h */ = {isa = PBXFileReference; fileEncoding = 4; lastKnownFileType = sourcecode.c.h; name = OVKeyManagerHelperAPI.h; path = OVKeyManagerHelper/OVKeyManagerHelperAPI.h; sourceTree = "<group>"; };
		4C1D09BF159251440063AB2A /* OVKeyManagerHelperAPI.m */ = {isa = PBXFileReference; fileEncoding = 4; lastKnownFileType = sourcecode.c.objc; name = OVKeyManagerHelperAPI.m; path = OVKeyManagerHelper/OVKeyManagerHelperAPI.m; sourceTree = "<group>"; };
		4C1D09C9159254710063AB2A /* OVLicenseInfo.h */ = {isa = PBXFileReference; fileEncoding = 4; lastKnownFileType = sourcecode.c.h; path = OVLicenseInfo.h; sourceTree = "<group>"; };
		4C1D09CC1592562E0063AB2A /* OVLicenseInfo.m */ = {isa = PBXFileReference; fileEncoding = 4; lastKnownFileType = sourcecode.c.objc; path = OVLicenseInfo.m; sourceTree = "<group>"; };
		4CE27B0A1592264A005E86AD /* Ovation Key Manager.app */ = {isa = PBXFileReference; explicitFileType = wrapper.application; includeInIndex = 0; path = "Ovation Key Manager.app"; sourceTree = BUILT_PRODUCTS_DIR; };
		4CE27B0E1592264A005E86AD /* Cocoa.framework */ = {isa = PBXFileReference; lastKnownFileType = wrapper.framework; name = Cocoa.framework; path = System/Library/Frameworks/Cocoa.framework; sourceTree = SDKROOT; };
		4CE27B111592264A005E86AD /* AppKit.framework */ = {isa = PBXFileReference; lastKnownFileType = wrapper.framework; name = AppKit.framework; path = System/Library/Frameworks/AppKit.framework; sourceTree = SDKROOT; };
		4CE27B121592264A005E86AD /* CoreData.framework */ = {isa = PBXFileReference; lastKnownFileType = wrapper.framework; name = CoreData.framework; path = System/Library/Frameworks/CoreData.framework; sourceTree = SDKROOT; };
		4CE27B131592264A005E86AD /* Foundation.framework */ = {isa = PBXFileReference; lastKnownFileType = wrapper.framework; name = Foundation.framework; path = System/Library/Frameworks/Foundation.framework; sourceTree = SDKROOT; };
		4CE27B161592264A005E86AD /* OVKeyManager-Info.plist */ = {isa = PBXFileReference; lastKnownFileType = text.plist.xml; path = "OVKeyManager-Info.plist"; sourceTree = "<group>"; };
		4CE27B181592264A005E86AD /* en */ = {isa = PBXFileReference; lastKnownFileType = text.plist.strings; name = en; path = en.lproj/InfoPlist.strings; sourceTree = "<group>"; };
		4CE27B1A1592264A005E86AD /* main.m */ = {isa = PBXFileReference; lastKnownFileType = sourcecode.c.objc; path = main.m; sourceTree = "<group>"; };
		4CE27B1C1592264A005E86AD /* OVKeyManager-Prefix.pch */ = {isa = PBXFileReference; lastKnownFileType = sourcecode.c.h; path = "OVKeyManager-Prefix.pch"; sourceTree = "<group>"; };
		4CE27B1E1592264A005E86AD /* en */ = {isa = PBXFileReference; lastKnownFileType = text.rtf; name = en; path = en.lproj/Credits.rtf; sourceTree = "<group>"; };
		4CE27B201592264A005E86AD /* PHCAppDelegate.h */ = {isa = PBXFileReference; lastKnownFileType = sourcecode.c.h; path = PHCAppDelegate.h; sourceTree = "<group>"; };
		4CE27B211592264A005E86AD /* PHCAppDelegate.m */ = {isa = PBXFileReference; lastKnownFileType = sourcecode.c.objc; path = PHCAppDelegate.m; sourceTree = "<group>"; };
		4CE27B241592264A005E86AD /* en */ = {isa = PBXFileReference; lastKnownFileType = file.xib; name = en; path = en.lproj/MainMenu.xib; sourceTree = "<group>"; };
		4CE27B2B1592264A005E86AD /* OVKeyManagerTests.octest */ = {isa = PBXFileReference; explicitFileType = wrapper.cfbundle; includeInIndex = 0; path = OVKeyManagerTests.octest; sourceTree = BUILT_PRODUCTS_DIR; };
		4CE27B2C1592264A005E86AD /* SenTestingKit.framework */ = {isa = PBXFileReference; lastKnownFileType = wrapper.framework; name = SenTestingKit.framework; path = Library/Frameworks/SenTestingKit.framework; sourceTree = DEVELOPER_DIR; };
		4CE27B331592264A005E86AD /* OVKeyManagerTests-Info.plist */ = {isa = PBXFileReference; lastKnownFileType = text.plist.xml; path = "OVKeyManagerTests-Info.plist"; sourceTree = "<group>"; };
		4CE27B351592264A005E86AD /* en */ = {isa = PBXFileReference; lastKnownFileType = text.plist.strings; name = en; path = en.lproj/InfoPlist.strings; sourceTree = "<group>"; };
		4CE27B371592264A005E86AD /* OVKeyManagerTestBase.h */ = {isa = PBXFileReference; lastKnownFileType = sourcecode.c.h; path = OVKeyManagerTestBase.h; sourceTree = "<group>"; };
		4CE27B381592264A005E86AD /* OVKeyManagerTestBase.m */ = {isa = PBXFileReference; lastKnownFileType = sourcecode.c.objc; path = OVKeyManagerTestBase.m; sourceTree = "<group>"; };
		4CE27B4715922670005E86AD /* OVKeyManager.entitlements */ = {isa = PBXFileReference; lastKnownFileType = text.xml; path = OVKeyManager.entitlements; sourceTree = "<group>"; };
		4CE27B4C159226DF005E86AD /* com.physionconsulting.OVKeyManagerHelper */ = {isa = PBXFileReference; explicitFileType = "compiled.mach-o.executable"; includeInIndex = 0; path = com.physionconsulting.OVKeyManagerHelper; sourceTree = BUILT_PRODUCTS_DIR; };
		4CE27B4E159226DF005E86AD /* Foundation.framework */ = {isa = PBXFileReference; lastKnownFileType = wrapper.framework; name = Foundation.framework; path = System/Library/Frameworks/Foundation.framework; sourceTree = SDKROOT; };
		4CE27B51159226DF005E86AD /* main.m */ = {isa = PBXFileReference; lastKnownFileType = sourcecode.c.objc; path = main.m; sourceTree = "<group>"; };
		4CE27B54159226DF005E86AD /* OVKeyManagerHelper-Prefix.pch */ = {isa = PBXFileReference; lastKnownFileType = sourcecode.c.h; path = "OVKeyManagerHelper-Prefix.pch"; sourceTree = "<group>"; };
		4CE27B55159226DF005E86AD /* OVKeyManagerHelper.1 */ = {isa = PBXFileReference; lastKnownFileType = text.man; path = OVKeyManagerHelper.1; sourceTree = "<group>"; };
		4CE27B611592285F005E86AD /* PHCErrors.h */ = {isa = PBXFileReference; fileEncoding = 4; lastKnownFileType = sourcecode.c.h; path = PHCErrors.h; sourceTree = "<group>"; };
		4CE27B621592285F005E86AD /* PHCErrors.m */ = {isa = PBXFileReference; fileEncoding = 4; lastKnownFileType = sourcecode.c.objc; path = PHCErrors.m; sourceTree = "<group>"; };
		4CE27B631592285F005E86AD /* PHCSharedKeyRepository.h */ = {isa = PBXFileReference; fileEncoding = 4; lastKnownFileType = sourcecode.c.h; path = PHCSharedKeyRepository.h; sourceTree = "<group>"; };
		4CE27B641592285F005E86AD /* PHCXPCSharedKeyRepository.h */ = {isa = PBXFileReference; fileEncoding = 4; lastKnownFileType = sourcecode.c.h; path = PHCXPCSharedKeyRepository.h; sourceTree = "<group>"; };
		4CE27B651592285F005E86AD /* PHCXPCSharedKeyRepository.m */ = {isa = PBXFileReference; fileEncoding = 4; lastKnownFileType = sourcecode.c.objc; path = PHCXPCSharedKeyRepository.m; sourceTree = "<group>"; };
		4CE27B6A1592288B005E86AD /* Security.framework */ = {isa = PBXFileReference; lastKnownFileType = wrapper.framework; name = Security.framework; path = System/Library/Frameworks/Security.framework; sourceTree = SDKROOT; };
		4CE27B6C15922891005E86AD /* ServiceManagement.framework */ = {isa = PBXFileReference; lastKnownFileType = wrapper.framework; name = ServiceManagement.framework; path = System/Library/Frameworks/ServiceManagement.framework; sourceTree = SDKROOT; };
/* End PBXFileReference section */

/* Begin PBXFrameworksBuildPhase section */
		4CE27B071592264A005E86AD /* Frameworks */ = {
			isa = PBXFrameworksBuildPhase;
			buildActionMask = 2147483647;
			files = (
				4CE27B6D15922891005E86AD /* ServiceManagement.framework in Frameworks */,
				4CE27B6B1592288B005E86AD /* Security.framework in Frameworks */,
				4CE27B0F1592264A005E86AD /* Cocoa.framework in Frameworks */,
			);
			runOnlyForDeploymentPostprocessing = 0;
		};
		4CE27B271592264A005E86AD /* Frameworks */ = {
			isa = PBXFrameworksBuildPhase;
			buildActionMask = 2147483647;
			files = (
				4CE27B2D1592264A005E86AD /* SenTestingKit.framework in Frameworks */,
				4CE27B2E1592264A005E86AD /* Cocoa.framework in Frameworks */,
			);
			runOnlyForDeploymentPostprocessing = 0;
		};
		4CE27B49159226DF005E86AD /* Frameworks */ = {
			isa = PBXFrameworksBuildPhase;
			buildActionMask = 2147483647;
			files = (
				4C01867D159245EB008C0642 /* Security.framework in Frameworks */,
				4CE27B4F159226DF005E86AD /* Foundation.framework in Frameworks */,
			);
			runOnlyForDeploymentPostprocessing = 0;
		};
/* End PBXFrameworksBuildPhase section */

/* Begin PBXGroup section */
		4C1D09C3159251490063AB2A /* XPC API */ = {
			isa = PBXGroup;
			children = (
				4C1D09BE159251440063AB2A /* OVKeyManagerHelperAPI.h */,
				4C1D09BF159251440063AB2A /* OVKeyManagerHelperAPI.m */,
			);
			name = "XPC API";
			sourceTree = "<group>";
		};
		4C1D09CB159256140063AB2A /* OVLicenseInfo */ = {
			isa = PBXGroup;
			children = (
				4C1D09C9159254710063AB2A /* OVLicenseInfo.h */,
				4C1D09CC1592562E0063AB2A /* OVLicenseInfo.m */,
			);
			name = OVLicenseInfo;
			sourceTree = "<group>";
		};
		4CE27AFF1592264A005E86AD = {
			isa = PBXGroup;
			children = (
				4C1D09C3159251490063AB2A /* XPC API */,
				4CE27B50159226DF005E86AD /* OVKeyManagerHelper */,
				4CE27B141592264A005E86AD /* OVKeyManager */,
				4CE27B311592264A005E86AD /* OVKeyManagerTests */,
				4CE27B0D1592264A005E86AD /* Frameworks */,
				4CE27B0B1592264A005E86AD /* Products */,
			);
			sourceTree = "<group>";
		};
		4CE27B0B1592264A005E86AD /* Products */ = {
			isa = PBXGroup;
			children = (
				4CE27B0A1592264A005E86AD /* Ovation Key Manager.app */,
				4CE27B2B1592264A005E86AD /* OVKeyManagerTests.octest */,
				4CE27B4C159226DF005E86AD /* com.physionconsulting.OVKeyManagerHelper */,
			);
			name = Products;
			sourceTree = "<group>";
		};
		4CE27B0D1592264A005E86AD /* Frameworks */ = {
			isa = PBXGroup;
			children = (
				4CE27B0E1592264A005E86AD /* Cocoa.framework */,
				4CE27B2C1592264A005E86AD /* SenTestingKit.framework */,
				4CE27B4E159226DF005E86AD /* Foundation.framework */,
				4CE27B101592264A005E86AD /* Other Frameworks */,
			);
			name = Frameworks;
			sourceTree = "<group>";
		};
		4CE27B101592264A005E86AD /* Other Frameworks */ = {
			isa = PBXGroup;
			children = (
				4CE27B6C15922891005E86AD /* ServiceManagement.framework */,
				4CE27B6A1592288B005E86AD /* Security.framework */,
				4CE27B111592264A005E86AD /* AppKit.framework */,
				4CE27B121592264A005E86AD /* CoreData.framework */,
				4CE27B131592264A005E86AD /* Foundation.framework */,
			);
			name = "Other Frameworks";
			sourceTree = "<group>";
		};
		4CE27B141592264A005E86AD /* OVKeyManager */ = {
			isa = PBXGroup;
			children = (
				4CE27B6815922863005E86AD /* PHCErrors */,
				4CE27B6915922871005E86AD /* Key Repository */,
				4C1D09CB159256140063AB2A /* OVLicenseInfo */,
				4CE27B201592264A005E86AD /* PHCAppDelegate.h */,
				4CE27B211592264A005E86AD /* PHCAppDelegate.m */,
				4CE27B231592264A005E86AD /* MainMenu.xib */,
				4CE27B151592264A005E86AD /* Supporting Files */,
			);
			path = OVKeyManager;
			sourceTree = "<group>";
		};
		4CE27B151592264A005E86AD /* Supporting Files */ = {
			isa = PBXGroup;
			children = (
				4C01866E15923A5A008C0642 /* key.ico */,
				4CE27B4715922670005E86AD /* OVKeyManager.entitlements */,
				4CE27B161592264A005E86AD /* OVKeyManager-Info.plist */,
				4CE27B171592264A005E86AD /* InfoPlist.strings */,
				4CE27B1A1592264A005E86AD /* main.m */,
				4CE27B1C1592264A005E86AD /* OVKeyManager-Prefix.pch */,
				4CE27B1D1592264A005E86AD /* Credits.rtf */,
			);
			name = "Supporting Files";
			sourceTree = "<group>";
		};
		4CE27B311592264A005E86AD /* OVKeyManagerTests */ = {
			isa = PBXGroup;
			children = (
				4C01867015923F95008C0642 /* AddKeyTest.h */,
				4C01867115923F95008C0642 /* AddKeyTest.m */,
				4CE27B371592264A005E86AD /* OVKeyManagerTestBase.h */,
				4CE27B381592264A005E86AD /* OVKeyManagerTestBase.m */,
				4CE27B321592264A005E86AD /* Supporting Files */,
			);
			path = OVKeyManagerTests;
			sourceTree = "<group>";
		};
		4CE27B321592264A005E86AD /* Supporting Files */ = {
			isa = PBXGroup;
			children = (
				4CE27B331592264A005E86AD /* OVKeyManagerTests-Info.plist */,
				4CE27B341592264A005E86AD /* InfoPlist.strings */,
			);
			name = "Supporting Files";
			sourceTree = "<group>";
		};
		4CE27B50159226DF005E86AD /* OVKeyManagerHelper */ = {
			isa = PBXGroup;
			children = (
				4CE27B51159226DF005E86AD /* main.m */,
				4CE27B55159226DF005E86AD /* OVKeyManagerHelper.1 */,
				4CE27B53159226DF005E86AD /* Supporting Files */,
			);
			path = OVKeyManagerHelper;
			sourceTree = "<group>";
		};
		4CE27B53159226DF005E86AD /* Supporting Files */ = {
			isa = PBXGroup;
			children = (
				4C01865A15922BA2008C0642 /* OVKeyManagerHelper-Info.plist */,
				4C01865B15922BA2008C0642 /* OVKeyManagerHelper-Launchd.plist */,
				4CE27B54159226DF005E86AD /* OVKeyManagerHelper-Prefix.pch */,
			);
			name = "Supporting Files";
			sourceTree = "<group>";
		};
		4CE27B6815922863005E86AD /* PHCErrors */ = {
			isa = PBXGroup;
			children = (
				4CE27B611592285F005E86AD /* PHCErrors.h */,
				4CE27B621592285F005E86AD /* PHCErrors.m */,
			);
			name = PHCErrors;
			sourceTree = "<group>";
		};
		4CE27B6915922871005E86AD /* Key Repository */ = {
			isa = PBXGroup;
			children = (
				4CE27B631592285F005E86AD /* PHCSharedKeyRepository.h */,
				4CE27B641592285F005E86AD /* PHCXPCSharedKeyRepository.h */,
				4CE27B651592285F005E86AD /* PHCXPCSharedKeyRepository.m */,
			);
			name = "Key Repository";
			sourceTree = "<group>";
		};
/* End PBXGroup section */

/* Begin PBXNativeTarget section */
		4CE27B091592264A005E86AD /* OVKeyManager */ = {
			isa = PBXNativeTarget;
			buildConfigurationList = 4CE27B3C1592264A005E86AD /* Build configuration list for PBXNativeTarget "OVKeyManager" */;
			buildPhases = (
				4CE27B061592264A005E86AD /* Sources */,
				4CE27B071592264A005E86AD /* Frameworks */,
				4CE27B081592264A005E86AD /* Resources */,
				4CE27B5D159227F1005E86AD /* CopyFiles */,
			);
			buildRules = (
			);
			dependencies = (
				4CE27B6015922801005E86AD /* PBXTargetDependency */,
			);
			name = OVKeyManager;
			productName = OVKeyManager;
			productReference = 4CE27B0A1592264A005E86AD /* Ovation Key Manager.app */;
			productType = "com.apple.product-type.application";
		};
		4CE27B2A1592264A005E86AD /* OVKeyManagerTests */ = {
			isa = PBXNativeTarget;
			buildConfigurationList = 4CE27B3F1592264A005E86AD /* Build configuration list for PBXNativeTarget "OVKeyManagerTests" */;
			buildPhases = (
				4CE27B261592264A005E86AD /* Sources */,
				4CE27B271592264A005E86AD /* Frameworks */,
				4CE27B281592264A005E86AD /* Resources */,
				4CE27B291592264A005E86AD /* ShellScript */,
			);
			buildRules = (
			);
			dependencies = (
				4CE27B301592264A005E86AD /* PBXTargetDependency */,
			);
			name = OVKeyManagerTests;
			productName = OVKeyManagerTests;
			productReference = 4CE27B2B1592264A005E86AD /* OVKeyManagerTests.octest */;
			productType = "com.apple.product-type.bundle";
		};
		4CE27B4B159226DF005E86AD /* com.physionconsulting.OVKeyManagerHelper */ = {
			isa = PBXNativeTarget;
			buildConfigurationList = 4CE27B57159226DF005E86AD /* Build configuration list for PBXNativeTarget "com.physionconsulting.OVKeyManagerHelper" */;
			buildPhases = (
				4CE27B48159226DF005E86AD /* Sources */,
				4CE27B49159226DF005E86AD /* Frameworks */,
				4CE27B4A159226DF005E86AD /* CopyFiles */,
			);
			buildRules = (
			);
			dependencies = (
			);
			name = com.physionconsulting.OVKeyManagerHelper;
			productName = OVKeyManagerHelper;
			productReference = 4CE27B4C159226DF005E86AD /* com.physionconsulting.OVKeyManagerHelper */;
			productType = "com.apple.product-type.tool";
		};
/* End PBXNativeTarget section */

/* Begin PBXProject section */
		4CE27B011592264A005E86AD /* Project object */ = {
			isa = PBXProject;
			attributes = {
				CLASSPREFIX = PHC;
				LastUpgradeCheck = 0430;
			};
			buildConfigurationList = 4CE27B041592264A005E86AD /* Build configuration list for PBXProject "OVKeyManager" */;
			compatibilityVersion = "Xcode 3.2";
			developmentRegion = English;
			hasScannedForEncodings = 0;
			knownRegions = (
				en,
			);
			mainGroup = 4CE27AFF1592264A005E86AD;
			productRefGroup = 4CE27B0B1592264A005E86AD /* Products */;
			projectDirPath = "";
			projectRoot = "";
			targets = (
				4CE27B091592264A005E86AD /* OVKeyManager */,
				4CE27B2A1592264A005E86AD /* OVKeyManagerTests */,
				4CE27B4B159226DF005E86AD /* com.physionconsulting.OVKeyManagerHelper */,
			);
		};
/* End PBXProject section */

/* Begin PBXResourcesBuildPhase section */
		4CE27B081592264A005E86AD /* Resources */ = {
			isa = PBXResourcesBuildPhase;
			buildActionMask = 2147483647;
			files = (
				4CE27B191592264A005E86AD /* InfoPlist.strings in Resources */,
				4CE27B1F1592264A005E86AD /* Credits.rtf in Resources */,
				4CE27B251592264A005E86AD /* MainMenu.xib in Resources */,
				4C01866F15923A5A008C0642 /* key.ico in Resources */,
			);
			runOnlyForDeploymentPostprocessing = 0;
		};
		4CE27B281592264A005E86AD /* Resources */ = {
			isa = PBXResourcesBuildPhase;
			buildActionMask = 2147483647;
			files = (
				4CE27B361592264A005E86AD /* InfoPlist.strings in Resources */,
			);
			runOnlyForDeploymentPostprocessing = 0;
		};
/* End PBXResourcesBuildPhase section */

/* Begin PBXShellScriptBuildPhase section */
		4CE27B291592264A005E86AD /* ShellScript */ = {
			isa = PBXShellScriptBuildPhase;
			buildActionMask = 2147483647;
			files = (
			);
			inputPaths = (
			);
			outputPaths = (
			);
			runOnlyForDeploymentPostprocessing = 0;
			shellPath = /bin/sh;
			shellScript = "# Run the unit tests in this test bundle.\n\"${SYSTEM_DEVELOPER_DIR}/Tools/RunUnitTests\"\n";
		};
/* End PBXShellScriptBuildPhase section */

/* Begin PBXSourcesBuildPhase section */
		4CE27B061592264A005E86AD /* Sources */ = {
			isa = PBXSourcesBuildPhase;
			buildActionMask = 2147483647;
			files = (
				4CE27B1B1592264A005E86AD /* main.m in Sources */,
				4CE27B221592264A005E86AD /* PHCAppDelegate.m in Sources */,
				4CE27B661592285F005E86AD /* PHCErrors.m in Sources */,
				4CE27B671592285F005E86AD /* PHCXPCSharedKeyRepository.m in Sources */,
				4C1D09C0159251440063AB2A /* OVKeyManagerHelperAPI.m in Sources */,
				4C1D09CD1592562E0063AB2A /* OVLicenseInfo.m in Sources */,
			);
			runOnlyForDeploymentPostprocessing = 0;
		};
		4CE27B261592264A005E86AD /* Sources */ = {
			isa = PBXSourcesBuildPhase;
			buildActionMask = 2147483647;
			files = (
				4CE27B391592264A005E86AD /* OVKeyManagerTestBase.m in Sources */,
				4C01867215923F95008C0642 /* AddKeyTest.m in Sources */,
				4C0186731592408E008C0642 /* PHCAppDelegate.m in Sources */,
			);
			runOnlyForDeploymentPostprocessing = 0;
		};
		4CE27B48159226DF005E86AD /* Sources */ = {
			isa = PBXSourcesBuildPhase;
			buildActionMask = 2147483647;
			files = (
				4C01867C159245C3008C0642 /* main.m in Sources */,
				4C01867B1592440A008C0642 /* PHCErrors.m in Sources */,
				4C1D09C1159251440063AB2A /* OVKeyManagerHelperAPI.m in Sources */,
			);
			runOnlyForDeploymentPostprocessing = 0;
		};
/* End PBXSourcesBuildPhase section */

/* Begin PBXTargetDependency section */
		4CE27B301592264A005E86AD /* PBXTargetDependency */ = {
			isa = PBXTargetDependency;
			target = 4CE27B091592264A005E86AD /* OVKeyManager */;
			targetProxy = 4CE27B2F1592264A005E86AD /* PBXContainerItemProxy */;
		};
		4CE27B6015922801005E86AD /* PBXTargetDependency */ = {
			isa = PBXTargetDependency;
			target = 4CE27B4B159226DF005E86AD /* com.physionconsulting.OVKeyManagerHelper */;
			targetProxy = 4CE27B5F15922801005E86AD /* PBXContainerItemProxy */;
		};
/* End PBXTargetDependency section */

/* Begin PBXVariantGroup section */
		4CE27B171592264A005E86AD /* InfoPlist.strings */ = {
			isa = PBXVariantGroup;
			children = (
				4CE27B181592264A005E86AD /* en */,
			);
			name = InfoPlist.strings;
			sourceTree = "<group>";
		};
		4CE27B1D1592264A005E86AD /* Credits.rtf */ = {
			isa = PBXVariantGroup;
			children = (
				4CE27B1E1592264A005E86AD /* en */,
			);
			name = Credits.rtf;
			sourceTree = "<group>";
		};
		4CE27B231592264A005E86AD /* MainMenu.xib */ = {
			isa = PBXVariantGroup;
			children = (
				4CE27B241592264A005E86AD /* en */,
			);
			name = MainMenu.xib;
			sourceTree = "<group>";
		};
		4CE27B341592264A005E86AD /* InfoPlist.strings */ = {
			isa = PBXVariantGroup;
			children = (
				4CE27B351592264A005E86AD /* en */,
			);
			name = InfoPlist.strings;
			sourceTree = "<group>";
		};
/* End PBXVariantGroup section */

/* Begin XCBuildConfiguration section */
		4CE27B3A1592264A005E86AD /* Debug */ = {
			isa = XCBuildConfiguration;
			buildSettings = {
				ALWAYS_SEARCH_USER_PATHS = NO;
				ARCHS = "$(ARCHS_STANDARD_64_BIT)";
				CLANG_ENABLE_OBJC_ARC = YES;
				CODE_SIGN_IDENTITY = "Mac Developer";
				COPY_PHASE_STRIP = NO;
				GCC_C_LANGUAGE_STANDARD = gnu99;
				GCC_DYNAMIC_NO_PIC = NO;
				GCC_ENABLE_OBJC_EXCEPTIONS = YES;
				GCC_OPTIMIZATION_LEVEL = 0;
				GCC_PREPROCESSOR_DEFINITIONS = (
					"DEBUG=1",
					"$(inherited)",
				);
				GCC_SYMBOLS_PRIVATE_EXTERN = NO;
				GCC_VERSION = com.apple.compilers.llvm.clang.1_0;
				GCC_WARN_64_TO_32_BIT_CONVERSION = YES;
				GCC_WARN_ABOUT_RETURN_TYPE = YES;
				GCC_WARN_UNINITIALIZED_AUTOS = YES;
				GCC_WARN_UNUSED_VARIABLE = YES;
				MACOSX_DEPLOYMENT_TARGET = 10.7;
				ONLY_ACTIVE_ARCH = YES;
				PROVISIONING_PROFILE = "";
				SDKROOT = macosx;
			};
			name = Debug;
		};
		4CE27B3B1592264A005E86AD /* Release */ = {
			isa = XCBuildConfiguration;
			buildSettings = {
				ALWAYS_SEARCH_USER_PATHS = NO;
				ARCHS = "$(ARCHS_STANDARD_64_BIT)";
				CLANG_ENABLE_OBJC_ARC = YES;
				CODE_SIGN_IDENTITY = "Mac Developer";
				COPY_PHASE_STRIP = YES;
				DEBUG_INFORMATION_FORMAT = "dwarf-with-dsym";
				GCC_C_LANGUAGE_STANDARD = gnu99;
				GCC_ENABLE_OBJC_EXCEPTIONS = YES;
				GCC_VERSION = com.apple.compilers.llvm.clang.1_0;
				GCC_WARN_64_TO_32_BIT_CONVERSION = YES;
				GCC_WARN_ABOUT_RETURN_TYPE = YES;
				GCC_WARN_UNINITIALIZED_AUTOS = YES;
				GCC_WARN_UNUSED_VARIABLE = YES;
				MACOSX_DEPLOYMENT_TARGET = 10.7;
				PROVISIONING_PROFILE = "";
				SDKROOT = macosx;
			};
			name = Release;
		};
		4CE27B3D1592264A005E86AD /* Debug */ = {
			isa = XCBuildConfiguration;
			buildSettings = {
				CODE_SIGN_ENTITLEMENTS = OVKeyManager/OVKeyManager.entitlements;
				CODE_SIGN_IDENTITY = "Mac Developer";
				GCC_PRECOMPILE_PREFIX_HEADER = YES;
				GCC_PREFIX_HEADER = "OVKeyManager/OVKeyManager-Prefix.pch";
				INFOPLIST_FILE = "OVKeyManager/OVKeyManager-Info.plist";
				PRODUCT_NAME = "Ovation Key Manager";
				WRAPPER_EXTENSION = app;
			};
			name = Debug;
		};
		4CE27B3E1592264A005E86AD /* Release */ = {
			isa = XCBuildConfiguration;
			buildSettings = {
				CODE_SIGN_ENTITLEMENTS = OVKeyManager/OVKeyManager.entitlements;
				CODE_SIGN_IDENTITY = "Mac Developer";
				GCC_PRECOMPILE_PREFIX_HEADER = YES;
				GCC_PREFIX_HEADER = "OVKeyManager/OVKeyManager-Prefix.pch";
				INFOPLIST_FILE = "OVKeyManager/OVKeyManager-Info.plist";
				PRODUCT_NAME = "Ovation Key Manager";
				WRAPPER_EXTENSION = app;
			};
			name = Release;
		};
		4CE27B401592264A005E86AD /* Debug */ = {
			isa = XCBuildConfiguration;
			buildSettings = {
				BUNDLE_LOADER = "$(BUILT_PRODUCTS_DIR)/Ovation Key Manager.app/Contents/MacOS/Ovation Key Manager";
				FRAMEWORK_SEARCH_PATHS = "$(DEVELOPER_LIBRARY_DIR)/Frameworks";
				GCC_PRECOMPILE_PREFIX_HEADER = YES;
				GCC_PREFIX_HEADER = "OVKeyManager/OVKeyManager-Prefix.pch";
				INFOPLIST_FILE = "OVKeyManagerTests/OVKeyManagerTests-Info.plist";
				PRODUCT_NAME = "$(TARGET_NAME)";
				TEST_HOST = "$(BUNDLE_LOADER)";
				WRAPPER_EXTENSION = octest;
			};
			name = Debug;
		};
		4CE27B411592264A005E86AD /* Release */ = {
			isa = XCBuildConfiguration;
			buildSettings = {
				BUNDLE_LOADER = "$(BUILT_PRODUCTS_DIR)/Ovation Key Manager.app/Contents/MacOS/Ovation Key Manager";
				FRAMEWORK_SEARCH_PATHS = "$(DEVELOPER_LIBRARY_DIR)/Frameworks";
				GCC_PRECOMPILE_PREFIX_HEADER = YES;
				GCC_PREFIX_HEADER = "OVKeyManager/OVKeyManager-Prefix.pch";
				INFOPLIST_FILE = "OVKeyManagerTests/OVKeyManagerTests-Info.plist";
				PRODUCT_NAME = "$(TARGET_NAME)";
				TEST_HOST = "$(BUNDLE_LOADER)";
				WRAPPER_EXTENSION = octest;
			};
			name = Release;
		};
		4CE27B58159226DF005E86AD /* Debug */ = {
			isa = XCBuildConfiguration;
			buildSettings = {
				GCC_PRECOMPILE_PREFIX_HEADER = YES;
				GCC_PREFIX_HEADER = "OVKeyManagerHelper/OVKeyManagerHelper-Prefix.pch";
				LIBRARY_SEARCH_PATHS = (
					"$(inherited)",
					"\"$(SDKROOT)/usr/lib/i686-apple-darwin11/4.2.1\"",
				);
				OTHER_LDFLAGS = (
					"-sectcreate",
					__TEXT,
					__info_plist,
					"OVKeyManagerHelper/OVKeyManagerHelper-Info.plist",
					"-sectcreate",
					__TEXT,
					__launchd_plist,
					"OVKeyManagerHelper/OVKeyManagerHelper-Launchd.plist",
				);
				PRODUCT_NAME = com.physionconsulting.OVKeyManagerHelper;
			};
			name = Debug;
		};
		4CE27B59159226DF005E86AD /* Release */ = {
			isa = XCBuildConfiguration;
			buildSettings = {
				GCC_PRECOMPILE_PREFIX_HEADER = YES;
				GCC_PREFIX_HEADER = "OVKeyManagerHelper/OVKeyManagerHelper-Prefix.pch";
				LIBRARY_SEARCH_PATHS = (
					"$(inherited)",
					"\"$(SDKROOT)/usr/lib/i686-apple-darwin11/4.2.1\"",
				);
				OTHER_LDFLAGS = (
					"-sectcreate",
					__TEXT,
					__info_plist,
					"OVKeyManagerHelper/OVKeyManagerHelper-Info.plist",
					"-sectcreate",
					__TEXT,
					__launchd_plist,
					"OVKeyManagerHelper/OVKeyManagerHelper-Launchd.plist",
				);
				PRODUCT_NAME = com.physionconsulting.OVKeyManagerHelper;
			};
			name = Release;
		};
/* End XCBuildConfiguration section */

/* Begin XCConfigurationList section */
		4CE27B041592264A005E86AD /* Build configuration list for PBXProject "OVKeyManager" */ = {
			isa = XCConfigurationList;
			buildConfigurations = (
				4CE27B3A1592264A005E86AD /* Debug */,
				4CE27B3B1592264A005E86AD /* Release */,
			);
			defaultConfigurationIsVisible = 0;
			defaultConfigurationName = Release;
		};
		4CE27B3C1592264A005E86AD /* Build configuration list for PBXNativeTarget "OVKeyManager" */ = {
			isa = XCConfigurationList;
			buildConfigurations = (
				4CE27B3D1592264A005E86AD /* Debug */,
				4CE27B3E1592264A005E86AD /* Release */,
			);
			defaultConfigurationIsVisible = 0;
			defaultConfigurationName = Release;
		};
		4CE27B3F1592264A005E86AD /* Build configuration list for PBXNativeTarget "OVKeyManagerTests" */ = {
			isa = XCConfigurationList;
			buildConfigurations = (
				4CE27B401592264A005E86AD /* Debug */,
				4CE27B411592264A005E86AD /* Release */,
			);
			defaultConfigurationIsVisible = 0;
			defaultConfigurationName = Release;
		};
		4CE27B57159226DF005E86AD /* Build configuration list for PBXNativeTarget "com.physionconsulting.OVKeyManagerHelper" */ = {
			isa = XCConfigurationList;
			buildConfigurations = (
				4CE27B58159226DF005E86AD /* Debug */,
				4CE27B59159226DF005E86AD /* Release */,
			);
			defaultConfigurationIsVisible = 0;
			defaultConfigurationName = Release;
		};
/* End XCConfigurationList section */
	};
	rootObject = 4CE27B011592264A005E86AD /* Project object */;
}
